{
  "nodes": {
    "haskellrc": {
      "inputs": {
        "nixpkgs": [
          "nixpkgs"
        ]
      },
      "locked": {
        "lastModified": 1653521216,
        "narHash": "sha256-EtzD+5bziH80I0b+1h2hjxFO897CLQ82i7WBdr4jfN8=",
        "owner": "pjones",
        "repo": "haskellrc",
        "rev": "058b8feb0e33a6df24e9c93d10c86cdfb1649fc0",
        "type": "github"
      },
      "original": {
        "owner": "pjones",
        "repo": "haskellrc",
        "type": "github"
      }
    },
    "nixpkgs": {
      "locked": {
        "lastModified": 1653326962,
        "narHash": "sha256-W8feCYqKTsMre4nAEpv5Kx1PVFC+hao/LwqtB2Wci/8=",
        "owner": "NixOS",
        "repo": "nixpkgs",
        "rev": "41cc1d5d9584103be4108c1815c350e07c807036",
        "type": "github"
      },
      "original": {
        "owner": "NixOS",
        "ref": "nixpkgs-unstable",
        "repo": "nixpkgs",
        "type": "github"
      }
    },
    "root": {
      "inputs": {
        "haskellrc": "haskellrc",
        "nixpkgs": "nixpkgs"
      }
    }
  },
  "root": "root",
  "version": 7
}
